
Microsoft Visual Studio Solution File, Format Version 12.00
# Visual Studio Version 17
VisualStudioVersion = 17.10.35122.118
MinimumVisualStudioVersion = 10.0.40219.1
Project("{9A19103F-16F7-4668-BE54-9A1E7A4F7556}") = "01_ConnectionMode", "01_ConnectionMode\01_ConnectionMode.csproj", "{75CB9AB2-5F78-47BF-B314-D7635587E6BD}"
EndProject
Project("{9A19103F-16F7-4668-BE54-9A1E7A4F7556}") = "02_CRUD_Interface", "02_CRUD_Interface\02_CRUD_Interface.csproj", "{86E3059E-D03D-41EF-B1FF-C8304FF2BE08}"
EndProject
Project("{9A19103F-16F7-4668-BE54-9A1E7A4F7556}") = "WPF_Client", "WPF_Client\WPF_Client.csproj", "{253F5D45-B42F-42A6-BD1F-0AEF1D1B4C97}"
EndProject
Project("{9A19103F-16F7-4668-BE54-9A1E7A4F7556}") = "data_access", "data_access\data_access.csproj", "{34311EE2-B2DF-4054-9F6E-21DE6535CD1D}"
EndProject
Project("{9A19103F-16F7-4668-BE54-9A1E7A4F7556}") = "03_IntroToEntityFramework", "03_IntroToEntityFramework\03_IntroToEntityFramework.csproj", "{2EA54390-1F72-4406-AE3A-58E0E3ADD455}"
EndProject
Project("{FAE04EC0-301F-11D3-BF4B-00C04F79EFBC}") = "Airplane_Data_Access", "Airplane_Data_Access\Airplane_Data_Access.csproj", "{31ADDC6D-77AD-407C-A6E8-370182553924}"
EndProject
Project("{FAE04EC0-301F-11D3-BF4B-00C04F79EFBC}") = "AirplaneClient", "AirplaneClient\AirplaneClient.csproj", "{1DC18A16-A0D5-46FA-9B44-C45C26FEA6A5}"
EndProject
Global
	GlobalSection(SolutionConfigurationPlatforms) = preSolution
		Debug|Any CPU = Debug|Any CPU
		Release|Any CPU = Release|Any CPU
	EndGlobalSection
	GlobalSection(ProjectConfigurationPlatforms) = postSolution
		{75CB9AB2-5F78-47BF-B314-D7635587E6BD}.Debug|Any CPU.ActiveCfg = Debug|Any CPU
		{75CB9AB2-5F78-47BF-B314-D7635587E6BD}.Debug|Any CPU.Build.0 = Debug|Any CPU
		{75CB9AB2-5F78-47BF-B314-D7635587E6BD}.Release|Any CPU.ActiveCfg = Release|Any CPU
		{75CB9AB2-5F78-47BF-B314-D7635587E6BD}.Release|Any CPU.Build.0 = Release|Any CPU
		{86E3059E-D03D-41EF-B1FF-C8304FF2BE08}.Debug|Any CPU.ActiveCfg = Debug|Any CPU
		{86E3059E-D03D-41EF-B1FF-C8304FF2BE08}.Debug|Any CPU.Build.0 = Debug|Any CPU
		{86E3059E-D03D-41EF-B1FF-C8304FF2BE08}.Release|Any CPU.ActiveCfg = Release|Any CPU
		{86E3059E-D03D-41EF-B1FF-C8304FF2BE08}.Release|Any CPU.Build.0 = Release|Any CPU
		{253F5D45-B42F-42A6-BD1F-0AEF1D1B4C97}.Debug|Any CPU.ActiveCfg = Debug|Any CPU
		{253F5D45-B42F-42A6-BD1F-0AEF1D1B4C97}.Debug|Any CPU.Build.0 = Debug|Any CPU
		{253F5D45-B42F-42A6-BD1F-0AEF1D1B4C97}.Release|Any CPU.ActiveCfg = Release|Any CPU
		{253F5D45-B42F-42A6-BD1F-0AEF1D1B4C97}.Release|Any CPU.Build.0 = Release|Any CPU
		{34311EE2-B2DF-4054-9F6E-21DE6535CD1D}.Debug|Any CPU.ActiveCfg = Debug|Any CPU
		{34311EE2-B2DF-4054-9F6E-21DE6535CD1D}.Debug|Any CPU.Build.0 = Debug|Any CPU
		{34311EE2-B2DF-4054-9F6E-21DE6535CD1D}.Release|Any CPU.ActiveCfg = Release|Any CPU
		{34311EE2-B2DF-4054-9F6E-21DE6535CD1D}.Release|Any CPU.Build.0 = Release|Any CPU
		{2EA54390-1F72-4406-AE3A-58E0E3ADD455}.Debug|Any CPU.ActiveCfg = Debug|Any CPU
		{2EA54390-1F72-4406-AE3A-58E0E3ADD455}.Debug|Any CPU.Build.0 = Debug|Any CPU
		{2EA54390-1F72-4406-AE3A-58E0E3ADD455}.Release|Any CPU.ActiveCfg = Release|Any CPU
		{2EA54390-1F72-4406-AE3A-58E0E3ADD455}.Release|Any CPU.Build.0 = Release|Any CPU
		{31ADDC6D-77AD-407C-A6E8-370182553924}.Debug|Any CPU.ActiveCfg = Debug|Any CPU
		{31ADDC6D-77AD-407C-A6E8-370182553924}.Debug|Any CPU.Build.0 = Debug|Any CPU
		{31ADDC6D-77AD-407C-A6E8-370182553924}.Release|Any CPU.ActiveCfg = Release|Any CPU
		{31ADDC6D-77AD-407C-A6E8-370182553924}.Release|Any CPU.Build.0 = Release|Any CPU
		{1DC18A16-A0D5-46FA-9B44-C45C26FEA6A5}.Debug|Any CPU.ActiveCfg = Debug|Any CPU
		{1DC18A16-A0D5-46FA-9B44-C45C26FEA6A5}.Debug|Any CPU.Build.0 = Debug|Any CPU
		{1DC18A16-A0D5-46FA-9B44-C45C26FEA6A5}.Release|Any CPU.ActiveCfg = Release|Any CPU
		{1DC18A16-A0D5-46FA-9B44-C45C26FEA6A5}.Release|Any CPU.Build.0 = Release|Any CPU
	EndGlobalSection
	GlobalSection(SolutionProperties) = preSolution
		HideSolutionNode = FALSE
	EndGlobalSection
	GlobalSection(ExtensibilityGlobals) = postSolution
		SolutionGuid = {036291A7-2D22-4046-AB45-10B2B0FD47BB}
	EndGlobalSection
EndGlobal
